// !$*UTF8*$!
{
	archiveVersion = 1;
	classes = {
	};
	objectVersion = 46;
	objects = {

/* Begin PBXBuildFile section */
		A83E0BCC1C55913800CB7946 /* FlixCollectionViewController.swift in Sources */ = {isa = PBXBuildFile; fileRef = A83E0BCB1C55913800CB7946 /* FlixCollectionViewController.swift */; };
		A855738C1C556B3200318A89 /* FlixCollectionCell.swift in Sources */ = {isa = PBXBuildFile; fileRef = A855738B1C556B3200318A89 /* FlixCollectionCell.swift */; };
		A8CD68C51C5743BE00DBE5FB /* FlixDetailViewController.swift in Sources */ = {isa = PBXBuildFile; fileRef = A8CD68C41C5743BE00DBE5FB /* FlixDetailViewController.swift */; };
		A8D8B1411C4D706F002FF4DD /* AppDelegate.swift in Sources */ = {isa = PBXBuildFile; fileRef = A8D8B1401C4D706F002FF4DD /* AppDelegate.swift */; };
		A8D8B1461C4D706F002FF4DD /* Main.storyboard in Resources */ = {isa = PBXBuildFile; fileRef = A8D8B1441C4D706F002FF4DD /* Main.storyboard */; };
		A8D8B1481C4D706F002FF4DD /* Assets.xcassets in Resources */ = {isa = PBXBuildFile; fileRef = A8D8B1471C4D706F002FF4DD /* Assets.xcassets */; };
		A8D8B14B1C4D706F002FF4DD /* LaunchScreen.storyboard in Resources */ = {isa = PBXBuildFile; fileRef = A8D8B1491C4D706F002FF4DD /* LaunchScreen.storyboard */; };
		A8D8B1531C4D7442002FF4DD /* FlixTableViewController.swift in Sources */ = {isa = PBXBuildFile; fileRef = A8D8B1521C4D7442002FF4DD /* FlixTableViewController.swift */; };
		A8D8B1561C4DCBA0002FF4DD /* FlixTableCell.swift in Sources */ = {isa = PBXBuildFile; fileRef = A8D8B1551C4DCBA0002FF4DD /* FlixTableCell.swift */; };
		F39B28490713E8FBE42EABF3 /* Pods_Flixter.framework in Frameworks */ = {isa = PBXBuildFile; fileRef = 12C04C20FAF1F27908EC2719 /* Pods_Flixter.framework */; };
/* End PBXBuildFile section */

/* Begin PBXFileReference section */
		0FB6643BD2E90B0775A0CEC0 /* Pods-Flixter.release.xcconfig */ = {isa = PBXFileReference; includeInIndex = 1; lastKnownFileType = text.xcconfig; name = "Pods-Flixter.release.xcconfig"; path = "Pods/Target Support Files/Pods-Flixter/Pods-Flixter.release.xcconfig"; sourceTree = "<group>"; };
		12C04C20FAF1F27908EC2719 /* Pods_Flixter.framework */ = {isa = PBXFileReference; explicitFileType = wrapper.framework; includeInIndex = 0; path = Pods_Flixter.framework; sourceTree = BUILT_PRODUCTS_DIR; };
		13E210AC2A61FEFCA21016C8 /* Pods-Flixter.debug.xcconfig */ = {isa = PBXFileReference; includeInIndex = 1; lastKnownFileType = text.xcconfig; name = "Pods-Flixter.debug.xcconfig"; path = "Pods/Target Support Files/Pods-Flixter/Pods-Flixter.debug.xcconfig"; sourceTree = "<group>"; };
		A83E0BCB1C55913800CB7946 /* FlixCollectionViewController.swift */ = {isa = PBXFileReference; fileEncoding = 4; lastKnownFileType = sourcecode.swift; path = FlixCollectionViewController.swift; sourceTree = "<group>"; };
		A855738B1C556B3200318A89 /* FlixCollectionCell.swift */ = {isa = PBXFileReference; fileEncoding = 4; lastKnownFileType = sourcecode.swift; path = FlixCollectionCell.swift; sourceTree = "<group>"; };
		A8CD68C41C5743BE00DBE5FB /* FlixDetailViewController.swift */ = {isa = PBXFileReference; fileEncoding = 4; lastKnownFileType = sourcecode.swift; path = FlixDetailViewController.swift; sourceTree = "<group>"; };
		A8D8B13D1C4D706F002FF4DD /* Flixter.app */ = {isa = PBXFileReference; explicitFileType = wrapper.application; includeInIndex = 0; path = Flixter.app; sourceTree = BUILT_PRODUCTS_DIR; };
		A8D8B1401C4D706F002FF4DD /* AppDelegate.swift */ = {isa = PBXFileReference; lastKnownFileType = sourcecode.swift; path = AppDelegate.swift; sourceTree = "<group>"; };
		A8D8B1451C4D706F002FF4DD /* Base */ = {isa = PBXFileReference; lastKnownFileType = file.storyboard; name = Base; path = Base.lproj/Main.storyboard; sourceTree = "<group>"; };
		A8D8B1471C4D706F002FF4DD /* Assets.xcassets */ = {isa = PBXFileReference; lastKnownFileType = folder.assetcatalog; path = Assets.xcassets; sourceTree = "<group>"; };
		A8D8B14A1C4D706F002FF4DD /* Base */ = {isa = PBXFileReference; lastKnownFileType = file.storyboard; name = Base; path = Base.lproj/LaunchScreen.storyboard; sourceTree = "<group>"; };
		A8D8B14C1C4D706F002FF4DD /* Info.plist */ = {isa = PBXFileReference; lastKnownFileType = text.plist.xml; path = Info.plist; sourceTree = "<group>"; };
		A8D8B1521C4D7442002FF4DD /* FlixTableViewController.swift */ = {isa = PBXFileReference; fileEncoding = 4; lastKnownFileType = sourcecode.swift; path = FlixTableViewController.swift; sourceTree = "<group>"; };
		A8D8B1551C4DCBA0002FF4DD /* FlixTableCell.swift */ = {isa = PBXFileReference; fileEncoding = 4; lastKnownFileType = sourcecode.swift; path = FlixTableCell.swift; sourceTree = "<group>"; };
/* End PBXFileReference section */

/* Begin PBXFrameworksBuildPhase section */
		A8D8B13A1C4D706F002FF4DD /* Frameworks */ = {
			isa = PBXFrameworksBuildPhase;
			buildActionMask = 2147483647;
			files = (
				F39B28490713E8FBE42EABF3 /* Pods_Flixter.framework in Frameworks */,
			);
			runOnlyForDeploymentPostprocessing = 0;
		};
/* End PBXFrameworksBuildPhase section */

/* Begin PBXGroup section */
		460808FE3B8C3A54417ACBC1 /* Pods */ = {
			isa = PBXGroup;
			children = (
				13E210AC2A61FEFCA21016C8 /* Pods-Flixter.debug.xcconfig */,
				0FB6643BD2E90B0775A0CEC0 /* Pods-Flixter.release.xcconfig */,
			);
			name = Pods;
			sourceTree = "<group>";
		};
		A8D8B1341C4D706F002FF4DD = {
			isa = PBXGroup;
			children = (
				A8D8B13F1C4D706F002FF4DD /* Flixter */,
				A8D8B13E1C4D706F002FF4DD /* Products */,
				460808FE3B8C3A54417ACBC1 /* Pods */,
				B4ECA72B5E1EDE02F77AF463 /* Frameworks */,
			);
			sourceTree = "<group>";
		};
		A8D8B13E1C4D706F002FF4DD /* Products */ = {
			isa = PBXGroup;
			children = (
				A8D8B13D1C4D706F002FF4DD /* Flixter.app */,
			);
			name = Products;
			sourceTree = "<group>";
		};
		A8D8B13F1C4D706F002FF4DD /* Flixter */ = {
			isa = PBXGroup;
			children = (
				A8D8B1571C4DCBB2002FF4DD /* ViewControllers */,
				A8D8B1541C4DCB38002FF4DD /* Views */,
				A8D8B1401C4D706F002FF4DD /* AppDelegate.swift */,
				A8D8B1441C4D706F002FF4DD /* Main.storyboard */,
				A8D8B1471C4D706F002FF4DD /* Assets.xcassets */,
				A8D8B1491C4D706F002FF4DD /* LaunchScreen.storyboard */,
				A8D8B14C1C4D706F002FF4DD /* Info.plist */,
			);
			path = Flixter;
			sourceTree = "<group>";
		};
		A8D8B1541C4DCB38002FF4DD /* Views */ = {
			isa = PBXGroup;
			children = (
				A855738B1C556B3200318A89 /* FlixCollectionCell.swift */,
				A8D8B1551C4DCBA0002FF4DD /* FlixTableCell.swift */,
			);
			name = Views;
			sourceTree = "<group>";
		};
		A8D8B1571C4DCBB2002FF4DD /* ViewControllers */ = {
			isa = PBXGroup;
			children = (
				A8D8B1521C4D7442002FF4DD /* FlixTableViewController.swift */,
				A83E0BCB1C55913800CB7946 /* FlixCollectionViewController.swift */,
				A8CD68C41C5743BE00DBE5FB /* FlixDetailViewController.swift */,
			);
			name = ViewControllers;
			sourceTree = "<group>";
		};
		B4ECA72B5E1EDE02F77AF463 /* Frameworks */ = {
			isa = PBXGroup;
			children = (
				12C04C20FAF1F27908EC2719 /* Pods_Flixter.framework */,
			);
			name = Frameworks;
			sourceTree = "<group>";
		};
/* End PBXGroup section */

/* Begin PBXNativeTarget section */
		A8D8B13C1C4D706F002FF4DD /* Flixter */ = {
			isa = PBXNativeTarget;
			buildConfigurationList = A8D8B14F1C4D706F002FF4DD /* Build configuration list for PBXNativeTarget "Flixter" */;
			buildPhases = (
				1806B6103C77280DA1629BC4 /* Check Pods Manifest.lock */,
				A8D8B1391C4D706F002FF4DD /* Sources */,
				A8D8B13A1C4D706F002FF4DD /* Frameworks */,
				A8D8B13B1C4D706F002FF4DD /* Resources */,
				0D609576D7249A379C5C5AC1 /* Embed Pods Frameworks */,
				D279A76303B4202AA3953C4D /* Copy Pods Resources */,
			);
			buildRules = (
			);
			dependencies = (
			);
			name = Flixter;
			productName = Flixter;
			productReference = A8D8B13D1C4D706F002FF4DD /* Flixter.app */;
			productType = "com.apple.product-type.application";
		};
/* End PBXNativeTarget section */

/* Begin PBXProject section */
		A8D8B1351C4D706F002FF4DD /* Project object */ = {
			isa = PBXProject;
			attributes = {
				LastSwiftUpdateCheck = 0720;
				LastUpgradeCheck = 0720;
				ORGANIZATIONNAME = "Che Chao Hsu";
				TargetAttributes = {
					A8D8B13C1C4D706F002FF4DD = {
						CreatedOnToolsVersion = 7.2;
					};
				};
			};
			buildConfigurationList = A8D8B1381C4D706F002FF4DD /* Build configuration list for PBXProject "Flixter" */;
			compatibilityVersion = "Xcode 3.2";
			developmentRegion = English;
			hasScannedForEncodings = 0;
			knownRegions = (
				en,
				Base,
			);
			mainGroup = A8D8B1341C4D706F002FF4DD;
			productRefGroup = A8D8B13E1C4D706F002FF4DD /* Products */;
			projectDirPath = "";
			projectRoot = "";
			targets = (
				A8D8B13C1C4D706F002FF4DD /* Flixter */,
			);
		};
/* End PBXProject section */

/* Begin PBXResourcesBuildPhase section */
		A8D8B13B1C4D706F002FF4DD /* Resources */ = {
			isa = PBXResourcesBuildPhase;
			buildActionMask = 2147483647;
			files = (
				A8D8B14B1C4D706F002FF4DD /* LaunchScreen.storyboard in Resources */,
				A8D8B1481C4D706F002FF4DD /* Assets.xcassets in Resources */,
				A8D8B1461C4D706F002FF4DD /* Main.storyboard in Resources */,
			);
			runOnlyForDeploymentPostprocessing = 0;
		};
/* End PBXResourcesBuildPhase section */

/* Begin PBXShellScriptBuildPhase section */
		0D609576D7249A379C5C5AC1 /* Embed Pods Frameworks */ = {
			isa = PBXShellScriptBuildPhase;
			buildActionMask = 2147483647;
			files = (
			);
			inputPaths = (
			);
			name = "Embed Pods Frameworks";
			outputPaths = (
			);
			runOnlyForDeploymentPostprocessing = 0;
			shellPath = /bin/sh;
			shellScript = "\"${SRCROOT}/Pods/Target Support Files/Pods-Flixter/Pods-Flixter-frameworks.sh\"\n";
			showEnvVarsInLog = 0;
		};
		1806B6103C77280DA1629BC4 /* Check Pods Manifest.lock */ = {
			isa = PBXShellScriptBuildPhase;
			buildActionMask = 2147483647;
			files = (
			);
			inputPaths = (
			);
			name = "Check Pods Manifest.lock";
			outputPaths = (
			);
			runOnlyForDeploymentPostprocessing = 0;
			shellPath = /bin/sh;
			shellScript = "diff \"${PODS_ROOT}/../Podfile.lock\" \"${PODS_ROOT}/Manifest.lock\" > /dev/null\nif [[ $? != 0 ]] ; then\n    cat << EOM\nerror: The sandbox is not in sync with the Podfile.lock. Run 'pod install' or update your CocoaPods installation.\nEOM\n    exit 1\nfi\n";
			showEnvVarsInLog = 0;
		};
		D279A76303B4202AA3953C4D /* Copy Pods Resources */ = {
			isa = PBXShellScriptBuildPhase;
			buildActionMask = 2147483647;
			files = (
			);
			inputPaths = (
			);
			name = "Copy Pods Resources";
			outputPaths = (
			);
			runOnlyForDeploymentPostprocessing = 0;
			shellPath = /bin/sh;
			shellScript = "\"${SRCROOT}/Pods/Target Support Files/Pods-Flixter/Pods-Flixter-resources.sh\"\n";
			showEnvVarsInLog = 0;
		};
/* End PBXShellScriptBuildPhase section */

/* Begin PBXSourcesBuildPhase section */
		A8D8B1391C4D706F002FF4DD /* Sources */ = {
			isa = PBXSourcesBuildPhase;
			buildActionMask = 2147483647;
			files = (
				A8D8B1411C4D706F002FF4DD /* AppDelegate.swift in Sources */,
				A855738C1C556B3200318A89 /* FlixCollectionCell.swift in Sources */,
				A8CD68C51C5743BE00DBE5FB /* FlixDetailViewController.swift in Sources */,
				A8D8B1561C4DCBA0002FF4DD /* FlixTableCell.swift in Sources */,
				A8D8B1531C4D7442002FF4DD /* FlixTableViewController.swift in Sources */,
				A83E0BCC1C55913800CB7946 /* FlixCollectionViewController.swift in Sources */,
			);
			runOnlyForDeploymentPostprocessing = 0;
		};
/* End PBXSourcesBuildPhase section */

/* Begin PBXVariantGroup section */
		A8D8B1441C4D706F002FF4DD /* Main.storyboard */ = {
			isa = PBXVariantGroup;
			children = (
				A8D8B1451C4D706F002FF4DD /* Base */,
			);
			name = Main.storyboard;
			sourceTree = "<group>";
		};
		A8D8B1491C4D706F002FF4DD /* LaunchScreen.storyboard */ = {
			isa = PBXVariantGroup;
			children = (
				A8D8B14A1C4D706F002FF4DD /* Base */,
			);
			name = LaunchScreen.storyboard;
			sourceTree = "<group>";
		};
/* End PBXVariantGroup section */

/* Begin XCBuildConfiguration section */
		A8D8B14D1C4D706F002FF4DD /* Debug */ = {
			isa = XCBuildConfiguration;
			buildSettings = {
				ALWAYS_SEARCH_USER_PATHS = NO;
				CLANG_CXX_LANGUAGE_STANDARD = "gnu++0x";
				CLANG_CXX_LIBRARY = "libc++";
				CLANG_ENABLE_MODULES = YES;
				CLANG_ENABLE_OBJC_ARC = YES;
				CLANG_WARN_BOOL_CONVERSION = YES;
				CLANG_WARN_CONSTANT_CONVERSION = YES;
				CLANG_WARN_DIRECT_OBJC_ISA_USAGE = YES_ERROR;
				CLANG_WARN_EMPTY_BODY = YES;
				CLANG_WARN_ENUM_CONVERSION = YES;
				CLANG_WARN_INT_CONVERSION = YES;
				CLANG_WARN_OBJC_ROOT_CLASS = YES_ERROR;
				CLANG_WARN_UNREACHABLE_CODE = YES;
				CLANG_WARN__DUPLICATE_METHOD_MATCH = YES;
				"CODE_SIGN_IDENTITY[sdk=iphoneos*]" = "iPhone Developer";
				COPY_PHASE_STRIP = NO;
				DEBUG_INFORMATION_FORMAT = dwarf;
				ENABLE_STRICT_OBJC_MSGSEND = YES;
				ENABLE_TESTABILITY = YES;
				GCC_C_LANGUAGE_STANDARD = gnu99;
				GCC_DYNAMIC_NO_PIC = NO;
				GCC_NO_COMMON_BLOCKS = YES;
				GCC_OPTIMIZATION_LEVEL = 0;
				GCC_PREPROCESSOR_DEFINITIONS = (
					"DEBUG=1",
					"$(inherited)",
				);
				GCC_WARN_64_TO_32_BIT_CONVERSION = YES;
				GCC_WARN_ABOUT_RETURN_TYPE = YES_ERROR;
				GCC_WARN_UNDECLARED_SELECTOR = YES;
				GCC_WARN_UNINITIALIZED_AUTOS = YES_AGGRESSIVE;
				GCC_WARN_UNUSED_FUNCTION = YES;
				GCC_WARN_UNUSED_VARIABLE = YES;
				IPHONEOS_DEPLOYMENT_TARGET = 9.2;
				MTL_ENABLE_DEBUG_INFO = YES;
				ONLY_ACTIVE_ARCH = YES;
				SDKROOT = iphoneos;
				SWIFT_OPTIMIZATION_LEVEL = "-Onone";
				TARGETED_DEVICE_FAMILY = "1,2";
			};
			name = Debug;
		};
		A8D8B14E1C4D706F002FF4DD /* Release */ = {
			isa = XCBuildConfiguration;
			buildSettings = {
				ALWAYS_SEARCH_USER_PATHS = NO;
				CLANG_CXX_LANGUAGE_STANDARD = "gnu++0x";
				CLANG_CXX_LIBRARY = "libc++";
				CLANG_ENABLE_MODULES = YES;
				CLANG_ENABLE_OBJC_ARC = YES;
				CLANG_WARN_BOOL_CONVERSION = YES;
				CLANG_WARN_CONSTANT_CONVERSION = YES;
				CLANG_WARN_DIRECT_OBJC_ISA_USAGE = YES_ERROR;
				CLANG_WARN_EMPTY_BODY = YES;
				CLANG_WARN_ENUM_CONVERSION = YES;
				CLANG_WARN_INT_CONVERSION = YES;
				CLANG_WARN_OBJC_ROOT_CLASS = YES_ERROR;
				CLANG_WARN_UNREACHABLE_CODE = YES;
				CLANG_WARN__DUPLICATE_METHOD_MATCH = YES;
				"CODE_SIGN_IDENTITY[sdk=iphoneos*]" = "iPhone Developer";
				COPY_PHASE_STRIP = NO;
				DEBUG_INFORMATION_FORMAT = "dwarf-with-dsym";
				ENABLE_NS_ASSERTIONS = NO;
				ENABLE_STRICT_OBJC_MSGSEND = YES;
				GCC_C_LANGUAGE_STANDARD = gnu99;
				GCC_NO_COMMON_BLOCKS = YES;
				GCC_WARN_64_TO_32_BIT_CONVERSION = YES;
				GCC_WARN_ABOUT_RETURN_TYPE = YES_ERROR;
				GCC_WARN_UNDECLARED_SELECTOR = YES;
				GCC_WARN_UNINITIALIZED_AUTOS = YES_AGGRESSIVE;
				GCC_WARN_UNUSED_FUNCTION = YES;
				GCC_WARN_UNUSED_VARIABLE = YES;
				IPHONEOS_DEPLOYMENT_TARGET = 9.2;
				MTL_ENABLE_DEBUG_INFO = NO;
				SDKROOT = iphoneos;
				TARGETED_DEVICE_FAMILY = "1,2";
				VALIDATE_PRODUCT = YES;
			};
			name = Release;
		};
		A8D8B1501C4D706F002FF4DD /* Debug */ = {
			isa = XCBuildConfiguration;
			baseConfigurationReference = 13E210AC2A61FEFCA21016C8 /* Pods-Flixter.debug.xcconfig */;
			buildSettings = {
				ASSETCATALOG_COMPILER_APPICON_NAME = AppIcon;
				INFOPLIST_FILE = Flixter/Info.plist;
				LD_RUNPATH_SEARCH_PATHS = "$(inherited) @executable_path/Frameworks";
				PRODUCT_BUNDLE_IDENTIFIER = "CCSF-CodePath.Flixter";
				PRODUCT_NAME = "$(TARGET_NAME)";
			};
			name = Debug;
		};
		A8D8B1511C4D706F002FF4DD /* Release */ = {
			isa = XCBuildConfiguration;
			baseConfigurationReference = 0FB6643BD2E90B0775A0CEC0 /* Pods-Flixter.release.xcconfig */;
			buildSettings = {
				ASSETCATALOG_COMPILER_APPICON_NAME = AppIcon;
				INFOPLIST_FILE = Flixter/Info.plist;
				LD_RUNPATH_SEARCH_PATHS = "$(inherited) @executable_path/Frameworks";
				PRODUCT_BUNDLE_IDENTIFIER = "CCSF-CodePath.Flixter";
				PRODUCT_NAME = "$(TARGET_NAME)";
			};
			name = Release;
		};
/* End XCBuildConfiguration section */

/* Begin XCConfigurationList section */
		A8D8B1381C4D706F002FF4DD /* Build configuration list for PBXProject "Flixter" */ = {
			isa = XCConfigurationList;
			buildConfigurations = (
				A8D8B14D1C4D706F002FF4DD /* Debug */,
				A8D8B14E1C4D706F002FF4DD /* Release */,
			);
			defaultConfigurationIsVisible = 0;
			defaultConfigurationName = Release;
		};
		A8D8B14F1C4D706F002FF4DD /* Build configuration list for PBXNativeTarget "Flixter" */ = {
			isa = XCConfigurationList;
			buildConfigurations = (
				A8D8B1501C4D706F002FF4DD /* Debug */,
				A8D8B1511C4D706F002FF4DD /* Release */,
			);
			defaultConfigurationIsVisible = 0;
			defaultConfigurationName = Release;
		};
/* End XCConfigurationList section */
	};
	rootObject = A8D8B1351C4D706F002FF4DD /* Project object */;
}
